
Microsoft Visual Studio Solution File, Format Version 12.00
# Visual Studio Version 17
VisualStudioVersion = 17.7.34202.233
MinimumVisualStudioVersion = 10.0.40219.1
Project("{9A19103F-16F7-4668-BE54-9A1E7A4F7556}") = "Moravia.Homework", "Moravia.Homework\Moravia.Homework.csproj", "{44043E2F-2C5F-4524-BAFC-CD3BA6505073}"
EndProject
Project("{FAE04EC0-301F-11D3-BF4B-00C04F79EFBC}") = "Moravia.Homework.Tests", "Moravia.Homework.Tests\Moravia.Homework.Tests.csproj", "{968F9571-C0F0-47C6-9B63-289C3887DACA}"
EndProject
Global
	GlobalSection(SolutionConfigurationPlatforms) = preSolution
		Debug|Any CPU = Debug|Any CPU
		Release|Any CPU = Release|Any CPU
	EndGlobalSection
	GlobalSection(ProjectConfigurationPlatforms) = postSolution
		{44043E2F-2C5F-4524-BAFC-CD3BA6505073}.Debug|Any CPU.ActiveCfg = Debug|Any CPU
		{44043E2F-2C5F-4524-BAFC-CD3BA6505073}.Debug|Any CPU.Build.0 = Debug|Any CPU
		{44043E2F-2C5F-4524-BAFC-CD3BA6505073}.Release|Any CPU.ActiveCfg = Release|Any CPU
		{44043E2F-2C5F-4524-BAFC-CD3BA6505073}.Release|Any CPU.Build.0 = Release|Any CPU
		{968F9571-C0F0-47C6-9B63-289C3887DACA}.Debug|Any CPU.ActiveCfg = Debug|Any CPU
		{968F9571-C0F0-47C6-9B63-289C3887DACA}.Debug|Any CPU.Build.0 = Debug|Any CPU
		{968F9571-C0F0-47C6-9B63-289C3887DACA}.Release|Any CPU.ActiveCfg = Release|Any CPU
		{968F9571-C0F0-47C6-9B63-289C3887DACA}.Release|Any CPU.Build.0 = Release|Any CPU
	EndGlobalSection
	GlobalSection(SolutionProperties) = preSolution
		HideSolutionNode = FALSE
	EndGlobalSection
	GlobalSection(ExtensibilityGlobals) = postSolution
		SolutionGuid = {96D4EB28-01CE-4FA5-AE88-75BD911FE82B}
	EndGlobalSection
EndGlobal
